github.com/elazarl/goproxy v1.8.4 h1:tIHKhYHXf8gQracfoHl8Zy7PG/jhvmIMUR5j8OlPUIM=
github.com/elazarl/goproxy v1.8.4/go.mod h1:b5xm6W48AUHNpRTCvlnd0YVh+JafCCtsLsJZvvNTz+E=
github.com/rodrigocfd/windigo v0.2.6 h1:/rTNYsBqllPKr4qfiPB5iHbtNp4KwZWelBCgYf80mag=
github.com/rodrigocfd/windigo v0.2.6/go.mod h1:3zHhLYU08CkrMx5cdPlmC1HObT8fSldWtfS8cnSRzYo=
golang.org/x/net v0.43.0 h1:lat02VYK2j4aLzMzecihNvTlJNQUq316m2Mr9rnM6YE=
golang.org/x/net v0.43.0/go.mod h1:vhO1fvI4dGsIjh73sWfUVjj3N7CA9WkKJNQm2svM6Jg=
golang.org/x/text v0.28.0 h1:rhazDwis8INMIwQ4tpjLDzUhx6RlXqZNPEM0huQojng=
golang.org/x/text v0.28.0/go.mod h1:U8nCwOR8jO/marOQ0QbDiOngZVEBB7MAiitBuMjXiNU=
